// !$*UTF8*$!
{
	archiveVersion = 1;
	classes = {
	};
	objectVersion = 55;
	objects = {

/* Begin PBXBuildFile section */
		D73B705027F359C8004294E3 /* AppDelegate.m in Sources */ = {isa = PBXBuildFile; fileRef = D73B704F27F359C8004294E3 /* AppDelegate.m */; };
		D73B705327F359C8004294E3 /* SceneDelegate.m in Sources */ = {isa = PBXBuildFile; fileRef = D73B705227F359C8004294E3 /* SceneDelegate.m */; };
		D73B705627F359C8004294E3 /* ViewController.m in Sources */ = {isa = PBXBuildFile; fileRef = D73B705527F359C8004294E3 /* ViewController.m */; };
		D73B705927F359C8004294E3 /* Main.storyboard in Resources */ = {isa = PBXBuildFile; fileRef = D73B705727F359C8004294E3 /* Main.storyboard */; };
		D73B705B27F359C9004294E3 /* Assets.xcassets in Resources */ = {isa = PBXBuildFile; fileRef = D73B705A27F359C9004294E3 /* Assets.xcassets */; };
		D73B705E27F359C9004294E3 /* LaunchScreen.storyboard in Resources */ = {isa = PBXBuildFile; fileRef = D73B705C27F359C9004294E3 /* LaunchScreen.storyboard */; };
		D73B706127F359C9004294E3 /* main.m in Sources */ = {isa = PBXBuildFile; fileRef = D73B706027F359C9004294E3 /* main.m */; };
		D73B706D27F35E85004294E3 /* Geral.m in Sources */ = {isa = PBXBuildFile; fileRef = D73B706C27F35E85004294E3 /* Geral.m */; };
		D73B707027F375E7004294E3 /* SecondViewController.m in Sources */ = {isa = PBXBuildFile; fileRef = D73B706F27F375E7004294E3 /* SecondViewController.m */; };
/* End PBXBuildFile section */

/* Begin PBXFileReference section */
		D73B704B27F359C8004294E3 /* MaisUmTesteDeClasses.app */ = {isa = PBXFileReference; explicitFileType = wrapper.application; includeInIndex = 0; path = MaisUmTesteDeClasses.app; sourceTree = BUILT_PRODUCTS_DIR; };
		D73B704E27F359C8004294E3 /* AppDelegate.h */ = {isa = PBXFileReference; lastKnownFileType = sourcecode.c.h; path = AppDelegate.h; sourceTree = "<group>"; };
		D73B704F27F359C8004294E3 /* AppDelegate.m */ = {isa = PBXFileReference; lastKnownFileType = sourcecode.c.objc; path = AppDelegate.m; sourceTree = "<group>"; };
		D73B705127F359C8004294E3 /* SceneDelegate.h */ = {isa = PBXFileReference; lastKnownFileType = sourcecode.c.h; path = SceneDelegate.h; sourceTree = "<group>"; };
		D73B705227F359C8004294E3 /* SceneDelegate.m */ = {isa = PBXFileReference; lastKnownFileType = sourcecode.c.objc; path = SceneDelegate.m; sourceTree = "<group>"; };
		D73B705427F359C8004294E3 /* ViewController.h */ = {isa = PBXFileReference; lastKnownFileType = sourcecode.c.h; path = ViewController.h; sourceTree = "<group>"; };
		D73B705527F359C8004294E3 /* ViewController.m */ = {isa = PBXFileReference; lastKnownFileType = sourcecode.c.objc; path = ViewController.m; sourceTree = "<group>"; };
		D73B705827F359C8004294E3 /* Base */ = {isa = PBXFileReference; lastKnownFileType = file.storyboard; name = Base; path = Base.lproj/Main.storyboard; sourceTree = "<group>"; };
		D73B705A27F359C9004294E3 /* Assets.xcassets */ = {isa = PBXFileReference; lastKnownFileType = folder.assetcatalog; path = Assets.xcassets; sourceTree = "<group>"; };
		D73B705D27F359C9004294E3 /* Base */ = {isa = PBXFileReference; lastKnownFileType = file.storyboard; name = Base; path = Base.lproj/LaunchScreen.storyboard; sourceTree = "<group>"; };
		D73B705F27F359C9004294E3 /* Info.plist */ = {isa = PBXFileReference; lastKnownFileType = text.plist.xml; path = Info.plist; sourceTree = "<group>"; };
		D73B706027F359C9004294E3 /* main.m */ = {isa = PBXFileReference; lastKnownFileType = sourcecode.c.objc; path = main.m; sourceTree = "<group>"; };
		D73B706B27F35E85004294E3 /* Geral.h */ = {isa = PBXFileReference; lastKnownFileType = sourcecode.c.h; path = Geral.h; sourceTree = "<group>"; };
		D73B706C27F35E85004294E3 /* Geral.m */ = {isa = PBXFileReference; lastKnownFileType = sourcecode.c.objc; path = Geral.m; sourceTree = "<group>"; };
		D73B706E27F375E7004294E3 /* SecondViewController.h */ = {isa = PBXFileReference; lastKnownFileType = sourcecode.c.h; path = SecondViewController.h; sourceTree = "<group>"; };
		D73B706F27F375E7004294E3 /* SecondViewController.m */ = {isa = PBXFileReference; lastKnownFileType = sourcecode.c.objc; path = SecondViewController.m; sourceTree = "<group>"; };
/* End PBXFileReference section */

/* Begin PBXFrameworksBuildPhase section */
		D73B704827F359C8004294E3 /* Frameworks */ = {
			isa = PBXFrameworksBuildPhase;
			buildActionMask = 2147483647;
			files = (
			);
			runOnlyForDeploymentPostprocessing = 0;
		};
/* End PBXFrameworksBuildPhase section */

/* Begin PBXGroup section */
		D73B704227F359C8004294E3 = {
			isa = PBXGroup;
			children = (
				D73B704D27F359C8004294E3 /* MaisUmTesteDeClasses */,
				D73B704C27F359C8004294E3 /* Products */,
			);
			sourceTree = "<group>";
		};
		D73B704C27F359C8004294E3 /* Products */ = {
			isa = PBXGroup;
			children = (
				D73B704B27F359C8004294E3 /* MaisUmTesteDeClasses.app */,
			);
			name = Products;
			sourceTree = "<group>";
		};
		D73B704D27F359C8004294E3 /* MaisUmTesteDeClasses */ = {
			isa = PBXGroup;
			children = (
				D73B706A27F35A6B004294E3 /* Delegates */,
				D73B706927F35A65004294E3 /* Controller */,
				D73B706827F35A61004294E3 /* View */,
				D73B706727F35A55004294E3 /* Model */,
				D73B705A27F359C9004294E3 /* Assets.xcassets */,
				D73B705F27F359C9004294E3 /* Info.plist */,
				D73B706027F359C9004294E3 /* main.m */,
			);
			path = MaisUmTesteDeClasses;
			sourceTree = "<group>";
		};
		D73B706727F35A55004294E3 /* Model */ = {
			isa = PBXGroup;
			children = (
			);
			path = Model;
			sourceTree = "<group>";
		};
		D73B706827F35A61004294E3 /* View */ = {
			isa = PBXGroup;
			children = (
				D73B705727F359C8004294E3 /* Main.storyboard */,
				D73B705C27F359C9004294E3 /* LaunchScreen.storyboard */,
			);
			path = View;
			sourceTree = "<group>";
		};
		D73B706927F35A65004294E3 /* Controller */ = {
			isa = PBXGroup;
			children = (
				D73B705427F359C8004294E3 /* ViewController.h */,
				D73B705527F359C8004294E3 /* ViewController.m */,
				D73B706B27F35E85004294E3 /* Geral.h */,
				D73B706C27F35E85004294E3 /* Geral.m */,
				D73B706E27F375E7004294E3 /* SecondViewController.h */,
				D73B706F27F375E7004294E3 /* SecondViewController.m */,
			);
			path = Controller;
			sourceTree = "<group>";
		};
		D73B706A27F35A6B004294E3 /* Delegates */ = {
			isa = PBXGroup;
			children = (
				D73B704E27F359C8004294E3 /* AppDelegate.h */,
				D73B704F27F359C8004294E3 /* AppDelegate.m */,
				D73B705127F359C8004294E3 /* SceneDelegate.h */,
				D73B705227F359C8004294E3 /* SceneDelegate.m */,
			);
			path = Delegates;
			sourceTree = "<group>";
		};
/* End PBXGroup section */

/* Begin PBXNativeTarget section */
		D73B704A27F359C8004294E3 /* MaisUmTesteDeClasses */ = {
			isa = PBXNativeTarget;
			buildConfigurationList = D73B706427F359C9004294E3 /* Build configuration list for PBXNativeTarget "MaisUmTesteDeClasses" */;
			buildPhases = (
				D73B704727F359C8004294E3 /* Sources */,
				D73B704827F359C8004294E3 /* Frameworks */,
				D73B704927F359C8004294E3 /* Resources */,
			);
			buildRules = (
			);
			dependencies = (
			);
			name = MaisUmTesteDeClasses;
			productName = MaisUmTesteDeClasses;
			productReference = D73B704B27F359C8004294E3 /* MaisUmTesteDeClasses.app */;
			productType = "com.apple.product-type.application";
		};
/* End PBXNativeTarget section */

/* Begin PBXProject section */
		D73B704327F359C8004294E3 /* Project object */ = {
			isa = PBXProject;
			attributes = {
				BuildIndependentTargetsInParallel = 1;
				LastUpgradeCheck = 1320;
				TargetAttributes = {
					D73B704A27F359C8004294E3 = {
						CreatedOnToolsVersion = 13.2.1;
					};
				};
			};
			buildConfigurationList = D73B704627F359C8004294E3 /* Build configuration list for PBXProject "MaisUmTesteDeClasses" */;
			compatibilityVersion = "Xcode 13.0";
			developmentRegion = en;
			hasScannedForEncodings = 0;
			knownRegions = (
				en,
				Base,
			);
			mainGroup = D73B704227F359C8004294E3;
			productRefGroup = D73B704C27F359C8004294E3 /* Products */;
			projectDirPath = "";
			projectRoot = "";
			targets = (
				D73B704A27F359C8004294E3 /* MaisUmTesteDeClasses */,
			);
		};
/* End PBXProject section */

/* Begin PBXResourcesBuildPhase section */
		D73B704927F359C8004294E3 /* Resources */ = {
			isa = PBXResourcesBuildPhase;
			buildActionMask = 2147483647;
			files = (
				D73B705E27F359C9004294E3 /* LaunchScreen.storyboard in Resources */,
				D73B705B27F359C9004294E3 /* Assets.xcassets in Resources */,
				D73B705927F359C8004294E3 /* Main.storyboard in Resources */,
			);
			runOnlyForDeploymentPostprocessing = 0;
		};
/* End PBXResourcesBuildPhase section */

/* Begin PBXSourcesBuildPhase section */
		D73B704727F359C8004294E3 /* Sources */ = {
			isa = PBXSourcesBuildPhase;
			buildActionMask = 2147483647;
			files = (
				D73B707027F375E7004294E3 /* SecondViewController.m in Sources */,
				D73B705627F359C8004294E3 /* ViewController.m in Sources */,
				D73B706D27F35E85004294E3 /* Geral.m in Sources */,
				D73B705027F359C8004294E3 /* AppDelegate.m in Sources */,
				D73B706127F359C9004294E3 /* main.m in Sources */,
				D73B705327F359C8004294E3 /* SceneDelegate.m in Sources */,
			);
			runOnlyForDeploymentPostprocessing = 0;
		};
/* End PBXSourcesBuildPhase section */

/* Begin PBXVariantGroup section */
		D73B705727F359C8004294E3 /* Main.storyboard */ = {
			isa = PBXVariantGroup;
			children = (
				D73B705827F359C8004294E3 /* Base */,
			);
			name = Main.storyboard;
			sourceTree = "<group>";
		};
		D73B705C27F359C9004294E3 /* LaunchScreen.storyboard */ = {
			isa = PBXVariantGroup;
			children = (
				D73B705D27F359C9004294E3 /* Base */,
			);
			name = LaunchScreen.storyboard;
			sourceTree = "<group>";
		};
/* End PBXVariantGroup section */

/* Begin XCBuildConfiguration section */
		D73B706227F359C9004294E3 /* Debug */ = {
			isa = XCBuildConfiguration;
			buildSettings = {
				ALWAYS_SEARCH_USER_PATHS = NO;
				CLANG_ANALYZER_NONNULL = YES;
				CLANG_ANALYZER_NUMBER_OBJECT_CONVERSION = YES_AGGRESSIVE;
				CLANG_CXX_LANGUAGE_STANDARD = "gnu++17";
				CLANG_CXX_LIBRARY = "libc++";
				CLANG_ENABLE_MODULES = YES;
				CLANG_ENABLE_OBJC_ARC = YES;
				CLANG_ENABLE_OBJC_WEAK = YES;
				CLANG_WARN_BLOCK_CAPTURE_AUTORELEASING = YES;
				CLANG_WARN_BOOL_CONVERSION = YES;
				CLANG_WARN_COMMA = YES;
				CLANG_WARN_CONSTANT_CONVERSION = YES;
				CLANG_WARN_DEPRECATED_OBJC_IMPLEMENTATIONS = YES;
				CLANG_WARN_DIRECT_OBJC_ISA_USAGE = YES_ERROR;
				CLANG_WARN_DOCUMENTATION_COMMENTS = YES;
				CLANG_WARN_EMPTY_BODY = YES;
				CLANG_WARN_ENUM_CONVERSION = YES;
				CLANG_WARN_INFINITE_RECURSION = YES;
				CLANG_WARN_INT_CONVERSION = YES;
				CLANG_WARN_NON_LITERAL_NULL_CONVERSION = YES;
				CLANG_WARN_OBJC_IMPLICIT_RETAIN_SELF = YES;
				CLANG_WARN_OBJC_LITERAL_CONVERSION = YES;
				CLANG_WARN_OBJC_ROOT_CLASS = YES_ERROR;
				CLANG_WARN_QUOTED_INCLUDE_IN_FRAMEWORK_HEADER = YES;
				CLANG_WARN_RANGE_LOOP_ANALYSIS = YES;
				CLANG_WARN_STRICT_PROTOTYPES = YES;
				CLANG_WARN_SUSPICIOUS_MOVE = YES;
				CLANG_WARN_UNGUARDED_AVAILABILITY = YES_AGGRESSIVE;
				CLANG_WARN_UNREACHABLE_CODE = YES;
				CLANG_WARN__DUPLICATE_METHOD_MATCH = YES;
				COPY_PHASE_STRIP = NO;
				DEBUG_INFORMATION_FORMAT = dwarf;
				ENABLE_STRICT_OBJC_MSGSEND = YES;
				ENABLE_TESTABILITY = YES;
				GCC_C_LANGUAGE_STANDARD = gnu11;
				GCC_DYNAMIC_NO_PIC = NO;
				GCC_NO_COMMON_BLOCKS = YES;
				GCC_OPTIMIZATION_LEVEL = 0;
				GCC_PREPROCESSOR_DEFINITIONS = (
					"DEBUG=1",
					"$(inherited)",
				);
				GCC_WARN_64_TO_32_BIT_CONVERSION = YES;
				GCC_WARN_ABOUT_RETURN_TYPE = YES_ERROR;
				GCC_WARN_UNDECLARED_SELECTOR = YES;
				GCC_WARN_UNINITIALIZED_AUTOS = YES_AGGRESSIVE;
				GCC_WARN_UNUSED_FUNCTION = YES;
				GCC_WARN_UNUSED_VARIABLE = YES;
				IPHONEOS_DEPLOYMENT_TARGET = 15.2;
				MTL_ENABLE_DEBUG_INFO = INCLUDE_SOURCE;
				MTL_FAST_MATH = YES;
				ONLY_ACTIVE_ARCH = YES;
				SDKROOT = iphoneos;
			};
			name = Debug;
		};
		D73B706327F359C9004294E3 /* Release */ = {
			isa = XCBuildConfiguration;
			buildSettings = {
				ALWAYS_SEARCH_USER_PATHS = NO;
				CLANG_ANALYZER_NONNULL = YES;
				CLANG_ANALYZER_NUMBER_OBJECT_CONVERSION = YES_AGGRESSIVE;
				CLANG_CXX_LANGUAGE_STANDARD = "gnu++17";
				CLANG_CXX_LIBRARY = "libc++";
				CLANG_ENABLE_MODULES = YES;
				CLANG_ENABLE_OBJC_ARC = YES;
				CLANG_ENABLE_OBJC_WEAK = YES;
				CLANG_WARN_BLOCK_CAPTURE_AUTORELEASING = YES;
				CLANG_WARN_BOOL_CONVERSION = YES;
				CLANG_WARN_COMMA = YES;
				CLANG_WARN_CONSTANT_CONVERSION = YES;
				CLANG_WARN_DEPRECATED_OBJC_IMPLEMENTATIONS = YES;
				CLANG_WARN_DIRECT_OBJC_ISA_USAGE = YES_ERROR;
				CLANG_WARN_DOCUMENTATION_COMMENTS = YES;
				CLANG_WARN_EMPTY_BODY = YES;
				CLANG_WARN_ENUM_CONVERSION = YES;
				CLANG_WARN_INFINITE_RECURSION = YES;
				CLANG_WARN_INT_CONVERSION = YES;
				CLANG_WARN_NON_LITERAL_NULL_CONVERSION = YES;
				CLANG_WARN_OBJC_IMPLICIT_RETAIN_SELF = YES;
				CLANG_WARN_OBJC_LITERAL_CONVERSION = YES;
				CLANG_WARN_OBJC_ROOT_CLASS = YES_ERROR;
				CLANG_WARN_QUOTED_INCLUDE_IN_FRAMEWORK_HEADER = YES;
				CLANG_WARN_RANGE_LOOP_ANALYSIS = YES;
				CLANG_WARN_STRICT_PROTOTYPES = YES;
				CLANG_WARN_SUSPICIOUS_MOVE = YES;
				CLANG_WARN_UNGUARDED_AVAILABILITY = YES_AGGRESSIVE;
				CLANG_WARN_UNREACHABLE_CODE = YES;
				CLANG_WARN__DUPLICATE_METHOD_MATCH = YES;
				COPY_PHASE_STRIP = NO;
				DEBUG_INFORMATION_FORMAT = "dwarf-with-dsym";
				ENABLE_NS_ASSERTIONS = NO;
				ENABLE_STRICT_OBJC_MSGSEND = YES;
				GCC_C_LANGUAGE_STANDARD = gnu11;
				GCC_NO_COMMON_BLOCKS = YES;
				GCC_WARN_64_TO_32_BIT_CONVERSION = YES;
				GCC_WARN_ABOUT_RETURN_TYPE = YES_ERROR;
				GCC_WARN_UNDECLARED_SELECTOR = YES;
				GCC_WARN_UNINITIALIZED_AUTOS = YES_AGGRESSIVE;
				GCC_WARN_UNUSED_FUNCTION = YES;
				GCC_WARN_UNUSED_VARIABLE = YES;
				IPHONEOS_DEPLOYMENT_TARGET = 15.2;
				MTL_ENABLE_DEBUG_INFO = NO;
				MTL_FAST_MATH = YES;
				SDKROOT = iphoneos;
				VALIDATE_PRODUCT = YES;
			};
			name = Release;
		};
		D73B706527F359C9004294E3 /* Debug */ = {
			isa = XCBuildConfiguration;
			buildSettings = {
				ASSETCATALOG_COMPILER_APPICON_NAME = AppIcon;
				ASSETCATALOG_COMPILER_GLOBAL_ACCENT_COLOR_NAME = AccentColor;
				CODE_SIGN_STYLE = Automatic;
				CURRENT_PROJECT_VERSION = 1;
				DEVELOPMENT_TEAM = 7W68VFBLCQ;
				GENERATE_INFOPLIST_FILE = YES;
				INFOPLIST_FILE = MaisUmTesteDeClasses/Info.plist;
				INFOPLIST_KEY_UIApplicationSupportsIndirectInputEvents = YES;
				INFOPLIST_KEY_UILaunchStoryboardName = LaunchScreen;
				INFOPLIST_KEY_UIMainStoryboardFile = Main;
				INFOPLIST_KEY_UISupportedInterfaceOrientations_iPad = "UIInterfaceOrientationPortrait UIInterfaceOrientationPortraitUpsideDown UIInterfaceOrientationLandscapeLeft UIInterfaceOrientationLandscapeRight";
				INFOPLIST_KEY_UISupportedInterfaceOrientations_iPhone = "UIInterfaceOrientationPortrait UIInterfaceOrientationLandscapeLeft UIInterfaceOrientationLandscapeRight";
				LD_RUNPATH_SEARCH_PATHS = (
					"$(inherited)",
					"@executable_path/Frameworks",
				);
				MARKETING_VERSION = 1.0;
				PRODUCT_BUNDLE_IDENTIFIER = com.br.devmoises.MaisUmTesteDeClasses;
				PRODUCT_NAME = "$(TARGET_NAME)";
				SWIFT_EMIT_LOC_STRINGS = YES;
				TARGETED_DEVICE_FAMILY = "1,2";
			};
			name = Debug;
		};
		D73B706627F359C9004294E3 /* Release */ = {
			isa = XCBuildConfiguration;
			buildSettings = {
				ASSETCATALOG_COMPILER_APPICON_NAME = AppIcon;
				ASSETCATALOG_COMPILER_GLOBAL_ACCENT_COLOR_NAME = AccentColor;
				CODE_SIGN_STYLE = Automatic;
				CURRENT_PROJECT_VERSION = 1;
				DEVELOPMENT_TEAM = 7W68VFBLCQ;
				GENERATE_INFOPLIST_FILE = YES;
				INFOPLIST_FILE = MaisUmTesteDeClasses/Info.plist;
				INFOPLIST_KEY_UIApplicationSupportsIndirectInputEvents = YES;
				INFOPLIST_KEY_UILaunchStoryboardName = LaunchScreen;
				INFOPLIST_KEY_UIMainStoryboardFile = Main;
				INFOPLIST_KEY_UISupportedInterfaceOrientations_iPad = "UIInterfaceOrientationPortrait UIInterfaceOrientationPortraitUpsideDown UIInterfaceOrientationLandscapeLeft UIInterfaceOrientationLandscapeRight";
				INFOPLIST_KEY_UISupportedInterfaceOrientations_iPhone = "UIInterfaceOrientationPortrait UIInterfaceOrientationLandscapeLeft UIInterfaceOrientationLandscapeRight";
				LD_RUNPATH_SEARCH_PATHS = (
					"$(inherited)",
					"@executable_path/Frameworks",
				);
				MARKETING_VERSION = 1.0;
				PRODUCT_BUNDLE_IDENTIFIER = com.br.devmoises.MaisUmTesteDeClasses;
				PRODUCT_NAME = "$(TARGET_NAME)";
				SWIFT_EMIT_LOC_STRINGS = YES;
				TARGETED_DEVICE_FAMILY = "1,2";
			};
			name = Release;
		};
/* End XCBuildConfiguration section */

/* Begin XCConfigurationList section */
		D73B704627F359C8004294E3 /* Build configuration list for PBXProject "MaisUmTesteDeClasses" */ = {
			isa = XCConfigurationList;
			buildConfigurations = (
				D73B706227F359C9004294E3 /* Debug */,
				D73B706327F359C9004294E3 /* Release */,
			);
			defaultConfigurationIsVisible = 0;
			defaultConfigurationName = Release;
		};
		D73B706427F359C9004294E3 /* Build configuration list for PBXNativeTarget "MaisUmTesteDeClasses" */ = {
			isa = XCConfigurationList;
			buildConfigurations = (
				D73B706527F359C9004294E3 /* Debug */,
				D73B706627F359C9004294E3 /* Release */,
			);
			defaultConfigurationIsVisible = 0;
			defaultConfigurationName = Release;
		};
/* End XCConfigurationList section */
	};
	rootObject = D73B704327F359C8004294E3 /* Project object */;
}
